# THIS IS AN AUTOGENERATED FILE. DO NOT EDIT THIS FILE DIRECTLY.
# yarn lockfile v1


fs-nextra@^0.4.7:
  version "0.4.7"
  resolved "https://registry.yarnpkg.com/fs-nextra/-/fs-nextra-0.4.7.tgz#76af367029fc5dab360f112f3d38bbc7a7d24285"
  integrity sha512-N61ZytY7cF3VlPTQ+o90XK+TsdOaUPeX0cpwy5oOVbXaneSO6KorpsR2xSQr+GJbItkWzgu3h4ypSqCWjTeZKg==
